// !$*UTF8*$!
{
	archiveVersion = 1;
	classes = {
	};
	objectVersion = 46;
	objects = {

/* Begin PBXBuildFile section */
		158207285315D457FACE76F9 /* Pods_SocialTemp_ios.framework in Frameworks */ = {isa = PBXBuildFile; fileRef = 3E2346EBA2F26838B0023B81 /* Pods_SocialTemp_ios.framework */; settings = {ATTRIBUTES = (Weak, ); }; };
		2727C2AF1BC768A00084FDBB /* AppDelegate.swift in Sources */ = {isa = PBXBuildFile; fileRef = 2727C2AE1BC768A00084FDBB /* AppDelegate.swift */; };
		2727C2B11BC768A00084FDBB /* ViewController.swift in Sources */ = {isa = PBXBuildFile; fileRef = 2727C2B01BC768A00084FDBB /* ViewController.swift */; };
		2727C2B41BC768A00084FDBB /* Main.storyboard in Resources */ = {isa = PBXBuildFile; fileRef = 2727C2B21BC768A00084FDBB /* Main.storyboard */; };
		2727C2B61BC768A00084FDBB /* Assets.xcassets in Resources */ = {isa = PBXBuildFile; fileRef = 2727C2B51BC768A00084FDBB /* Assets.xcassets */; };
		2727C2B91BC768A00084FDBB /* LaunchScreen.storyboard in Resources */ = {isa = PBXBuildFile; fileRef = 2727C2B71BC768A00084FDBB /* LaunchScreen.storyboard */; };
		2727C2C41BC768A00084FDBB /* SocialTemp_iosTests.swift in Sources */ = {isa = PBXBuildFile; fileRef = 2727C2C31BC768A00084FDBB /* SocialTemp_iosTests.swift */; };
		2727C2CF1BC768A00084FDBB /* SocialTemp_iosUITests.swift in Sources */ = {isa = PBXBuildFile; fileRef = 2727C2CE1BC768A00084FDBB /* SocialTemp_iosUITests.swift */; };
/* End PBXBuildFile section */

/* Begin PBXContainerItemProxy section */
		2727C2C01BC768A00084FDBB /* PBXContainerItemProxy */ = {
			isa = PBXContainerItemProxy;
			containerPortal = 2727C2A31BC768A00084FDBB /* Project object */;
			proxyType = 1;
			remoteGlobalIDString = 2727C2AA1BC768A00084FDBB;
			remoteInfo = "SocialTemp-ios";
		};
		2727C2CB1BC768A00084FDBB /* PBXContainerItemProxy */ = {
			isa = PBXContainerItemProxy;
			containerPortal = 2727C2A31BC768A00084FDBB /* Project object */;
			proxyType = 1;
			remoteGlobalIDString = 2727C2AA1BC768A00084FDBB;
			remoteInfo = "SocialTemp-ios";
		};
/* End PBXContainerItemProxy section */

/* Begin PBXFileReference section */
		2727C2AB1BC768A00084FDBB /* SocialTemp-ios.app */ = {isa = PBXFileReference; explicitFileType = wrapper.application; includeInIndex = 0; path = "SocialTemp-ios.app"; sourceTree = BUILT_PRODUCTS_DIR; };
		2727C2AE1BC768A00084FDBB /* AppDelegate.swift */ = {isa = PBXFileReference; lastKnownFileType = sourcecode.swift; path = AppDelegate.swift; sourceTree = "<group>"; };
		2727C2B01BC768A00084FDBB /* ViewController.swift */ = {isa = PBXFileReference; lastKnownFileType = sourcecode.swift; path = ViewController.swift; sourceTree = "<group>"; };
		2727C2B31BC768A00084FDBB /* Base */ = {isa = PBXFileReference; lastKnownFileType = file.storyboard; name = Base; path = Base.lproj/Main.storyboard; sourceTree = "<group>"; };
		2727C2B51BC768A00084FDBB /* Assets.xcassets */ = {isa = PBXFileReference; lastKnownFileType = folder.assetcatalog; path = Assets.xcassets; sourceTree = "<group>"; };
		2727C2B81BC768A00084FDBB /* Base */ = {isa = PBXFileReference; lastKnownFileType = file.storyboard; name = Base; path = Base.lproj/LaunchScreen.storyboard; sourceTree = "<group>"; };
		2727C2BA1BC768A00084FDBB /* Info.plist */ = {isa = PBXFileReference; lastKnownFileType = text.plist.xml; path = Info.plist; sourceTree = "<group>"; };
		2727C2BF1BC768A00084FDBB /* SocialTemp-iosTests.xctest */ = {isa = PBXFileReference; explicitFileType = wrapper.cfbundle; includeInIndex = 0; path = "SocialTemp-iosTests.xctest"; sourceTree = BUILT_PRODUCTS_DIR; };
		2727C2C31BC768A00084FDBB /* SocialTemp_iosTests.swift */ = {isa = PBXFileReference; lastKnownFileType = sourcecode.swift; path = SocialTemp_iosTests.swift; sourceTree = "<group>"; };
		2727C2C51BC768A00084FDBB /* Info.plist */ = {isa = PBXFileReference; lastKnownFileType = text.plist.xml; path = Info.plist; sourceTree = "<group>"; };
		2727C2CA1BC768A00084FDBB /* SocialTemp-iosUITests.xctest */ = {isa = PBXFileReference; explicitFileType = wrapper.cfbundle; includeInIndex = 0; path = "SocialTemp-iosUITests.xctest"; sourceTree = BUILT_PRODUCTS_DIR; };
		2727C2CE1BC768A00084FDBB /* SocialTemp_iosUITests.swift */ = {isa = PBXFileReference; lastKnownFileType = sourcecode.swift; path = SocialTemp_iosUITests.swift; sourceTree = "<group>"; };
		2727C2D01BC768A00084FDBB /* Info.plist */ = {isa = PBXFileReference; lastKnownFileType = text.plist.xml; path = Info.plist; sourceTree = "<group>"; };
		3A2061BDFD86A8BE4FBDF30B /* Pods-SocialTemp-ios.debug.xcconfig */ = {isa = PBXFileReference; includeInIndex = 1; lastKnownFileType = text.xcconfig; name = "Pods-SocialTemp-ios.debug.xcconfig"; path = "Pods/Target Support Files/Pods-SocialTemp-ios/Pods-SocialTemp-ios.debug.xcconfig"; sourceTree = "<group>"; };
		3E2346EBA2F26838B0023B81 /* Pods_SocialTemp_ios.framework */ = {isa = PBXFileReference; explicitFileType = wrapper.framework; includeInIndex = 0; path = Pods_SocialTemp_ios.framework; sourceTree = BUILT_PRODUCTS_DIR; };
		805D1DEB5EB5F15B49B491AF /* Pods-SocialTemp-ios.release.xcconfig */ = {isa = PBXFileReference; includeInIndex = 1; lastKnownFileType = text.xcconfig; name = "Pods-SocialTemp-ios.release.xcconfig"; path = "Pods/Target Support Files/Pods-SocialTemp-ios/Pods-SocialTemp-ios.release.xcconfig"; sourceTree = "<group>"; };
/* End PBXFileReference section */

/* Begin PBXFrameworksBuildPhase section */
		2727C2A81BC768A00084FDBB /* Frameworks */ = {
			isa = PBXFrameworksBuildPhase;
			buildActionMask = 2147483647;
			files = (
				158207285315D457FACE76F9 /* Pods_SocialTemp_ios.framework in Frameworks */,
			);
			runOnlyForDeploymentPostprocessing = 0;
		};
		2727C2BC1BC768A00084FDBB /* Frameworks */ = {
			isa = PBXFrameworksBuildPhase;
			buildActionMask = 2147483647;
			files = (
			);
			runOnlyForDeploymentPostprocessing = 0;
		};
		2727C2C71BC768A00084FDBB /* Frameworks */ = {
			isa = PBXFrameworksBuildPhase;
			buildActionMask = 2147483647;
			files = (
			);
			runOnlyForDeploymentPostprocessing = 0;
		};
/* End PBXFrameworksBuildPhase section */

/* Begin PBXGroup section */
		2727C2A21BC768A00084FDBB = {
			isa = PBXGroup;
			children = (
				2727C2AD1BC768A00084FDBB /* SocialTemp-ios */,
				2727C2C21BC768A00084FDBB /* SocialTemp-iosTests */,
				2727C2CD1BC768A00084FDBB /* SocialTemp-iosUITests */,
				2727C2AC1BC768A00084FDBB /* Products */,
				694AB1A78D2178968C91F6B7 /* Pods */,
				CC9365D538C3C515892E2215 /* Frameworks */,
			);
			sourceTree = "<group>";
		};
		2727C2AC1BC768A00084FDBB /* Products */ = {
			isa = PBXGroup;
			children = (
				2727C2AB1BC768A00084FDBB /* SocialTemp-ios.app */,
				2727C2BF1BC768A00084FDBB /* SocialTemp-iosTests.xctest */,
				2727C2CA1BC768A00084FDBB /* SocialTemp-iosUITests.xctest */,
			);
			name = Products;
			sourceTree = "<group>";
		};
		2727C2AD1BC768A00084FDBB /* SocialTemp-ios */ = {
			isa = PBXGroup;
			children = (
				2727C2AE1BC768A00084FDBB /* AppDelegate.swift */,
				2727C2B01BC768A00084FDBB /* ViewController.swift */,
				2727C2B21BC768A00084FDBB /* Main.storyboard */,
				2727C2B51BC768A00084FDBB /* Assets.xcassets */,
				2727C2B71BC768A00084FDBB /* LaunchScreen.storyboard */,
				2727C2BA1BC768A00084FDBB /* Info.plist */,
			);
			path = "SocialTemp-ios";
			sourceTree = "<group>";
		};
		2727C2C21BC768A00084FDBB /* SocialTemp-iosTests */ = {
			isa = PBXGroup;
			children = (
				2727C2C31BC768A00084FDBB /* SocialTemp_iosTests.swift */,
				2727C2C51BC768A00084FDBB /* Info.plist */,
			);
			path = "SocialTemp-iosTests";
			sourceTree = "<group>";
		};
		2727C2CD1BC768A00084FDBB /* SocialTemp-iosUITests */ = {
			isa = PBXGroup;
			children = (
				2727C2CE1BC768A00084FDBB /* SocialTemp_iosUITests.swift */,
				2727C2D01BC768A00084FDBB /* Info.plist */,
			);
			path = "SocialTemp-iosUITests";
			sourceTree = "<group>";
		};
		694AB1A78D2178968C91F6B7 /* Pods */ = {
			isa = PBXGroup;
			children = (
				3A2061BDFD86A8BE4FBDF30B /* Pods-SocialTemp-ios.debug.xcconfig */,
				805D1DEB5EB5F15B49B491AF /* Pods-SocialTemp-ios.release.xcconfig */,
			);
			name = Pods;
			sourceTree = "<group>";
		};
		CC9365D538C3C515892E2215 /* Frameworks */ = {
			isa = PBXGroup;
			children = (
				3E2346EBA2F26838B0023B81 /* Pods_SocialTemp_ios.framework */,
			);
			name = Frameworks;
			sourceTree = "<group>";
		};
/* End PBXGroup section */

/* Begin PBXNativeTarget section */
		2727C2AA1BC768A00084FDBB /* SocialTemp-ios */ = {
			isa = PBXNativeTarget;
			buildConfigurationList = 2727C2D31BC768A00084FDBB /* Build configuration list for PBXNativeTarget "SocialTemp-ios" */;
			buildPhases = (
				7E33F6C5CE3B375E1075933A /* Check Pods Manifest.lock */,
				2727C2A71BC768A00084FDBB /* Sources */,
				2727C2A81BC768A00084FDBB /* Frameworks */,
				2727C2A91BC768A00084FDBB /* Resources */,
				A9650A0307C14B6600CDA028 /* Embed Pods Frameworks */,
				B881EBDAA3837C627645B73E /* Copy Pods Resources */,
			);
			buildRules = (
			);
			dependencies = (
			);
			name = "SocialTemp-ios";
			productName = "SocialTemp-ios";
			productReference = 2727C2AB1BC768A00084FDBB /* SocialTemp-ios.app */;
			productType = "com.apple.product-type.application";
		};
		2727C2BE1BC768A00084FDBB /* SocialTemp-iosTests */ = {
			isa = PBXNativeTarget;
			buildConfigurationList = 2727C2D61BC768A00084FDBB /* Build configuration list for PBXNativeTarget "SocialTemp-iosTests" */;
			buildPhases = (
				2727C2BB1BC768A00084FDBB /* Sources */,
				2727C2BC1BC768A00084FDBB /* Frameworks */,
				2727C2BD1BC768A00084FDBB /* Resources */,
			);
			buildRules = (
			);
			dependencies = (
				2727C2C11BC768A00084FDBB /* PBXTargetDependency */,
			);
			name = "SocialTemp-iosTests";
			productName = "SocialTemp-iosTests";
			productReference = 2727C2BF1BC768A00084FDBB /* SocialTemp-iosTests.xctest */;
			productType = "com.apple.product-type.bundle.unit-test";
		};
		2727C2C91BC768A00084FDBB /* SocialTemp-iosUITests */ = {
			isa = PBXNativeTarget;
			buildConfigurationList = 2727C2D91BC768A00084FDBB /* Build configuration list for PBXNativeTarget "SocialTemp-iosUITests" */;
			buildPhases = (
				2727C2C61BC768A00084FDBB /* Sources */,
				2727C2C71BC768A00084FDBB /* Frameworks */,
				2727C2C81BC768A00084FDBB /* Resources */,
			);
			buildRules = (
			);
			dependencies = (
				2727C2CC1BC768A00084FDBB /* PBXTargetDependency */,
			);
			name = "SocialTemp-iosUITests";
			productName = "SocialTemp-iosUITests";
			productReference = 2727C2CA1BC768A00084FDBB /* SocialTemp-iosUITests.xctest */;
			productType = "com.apple.product-type.bundle.ui-testing";
		};
/* End PBXNativeTarget section */

/* Begin PBXProject section */
		2727C2A31BC768A00084FDBB /* Project object */ = {
			isa = PBXProject;
			attributes = {
				LastUpgradeCheck = 0700;
				ORGANIZATIONNAME = Kyle;
				TargetAttributes = {
					2727C2AA1BC768A00084FDBB = {
						CreatedOnToolsVersion = 7.0.1;
						DevelopmentTeam = 32G8J5J6CB;
					};
					2727C2BE1BC768A00084FDBB = {
						CreatedOnToolsVersion = 7.0.1;
						DevelopmentTeam = 32G8J5J6CB;
						TestTargetID = 2727C2AA1BC768A00084FDBB;
					};
					2727C2C91BC768A00084FDBB = {
						CreatedOnToolsVersion = 7.0.1;
						DevelopmentTeam = 32G8J5J6CB;
						TestTargetID = 2727C2AA1BC768A00084FDBB;
					};
				};
			};
			buildConfigurationList = 2727C2A61BC768A00084FDBB /* Build configuration list for PBXProject "SocialTemp-ios" */;
			compatibilityVersion = "Xcode 3.2";
			developmentRegion = English;
			hasScannedForEncodings = 0;
			knownRegions = (
				en,
				Base,
			);
			mainGroup = 2727C2A21BC768A00084FDBB;
			productRefGroup = 2727C2AC1BC768A00084FDBB /* Products */;
			projectDirPath = "";
			projectRoot = "";
			targets = (
				2727C2AA1BC768A00084FDBB /* SocialTemp-ios */,
				2727C2BE1BC768A00084FDBB /* SocialTemp-iosTests */,
				2727C2C91BC768A00084FDBB /* SocialTemp-iosUITests */,
			);
		};
/* End PBXProject section */

/* Begin PBXResourcesBuildPhase section */
		2727C2A91BC768A00084FDBB /* Resources */ = {
			isa = PBXResourcesBuildPhase;
			buildActionMask = 2147483647;
			files = (
				2727C2B91BC768A00084FDBB /* LaunchScreen.storyboard in Resources */,
				2727C2B61BC768A00084FDBB /* Assets.xcassets in Resources */,
				2727C2B41BC768A00084FDBB /* Main.storyboard in Resources */,
			);
			runOnlyForDeploymentPostprocessing = 0;
		};
		2727C2BD1BC768A00084FDBB /* Resources */ = {
			isa = PBXResourcesBuildPhase;
			buildActionMask = 2147483647;
			files = (
			);
			runOnlyForDeploymentPostprocessing = 0;
		};
		2727C2C81BC768A00084FDBB /* Resources */ = {
			isa = PBXResourcesBuildPhase;
			buildActionMask = 2147483647;
			files = (
			);
			runOnlyForDeploymentPostprocessing = 0;
		};
/* End PBXResourcesBuildPhase section */

/* Begin PBXShellScriptBuildPhase section */
		7E33F6C5CE3B375E1075933A /* Check Pods Manifest.lock */ = {
			isa = PBXShellScriptBuildPhase;
			buildActionMask = 2147483647;
			files = (
			);
			inputPaths = (
			);
			name = "Check Pods Manifest.lock";
			outputPaths = (
			);
			runOnlyForDeploymentPostprocessing = 0;
			shellPath = /bin/sh;
			shellScript = "diff \"${PODS_ROOT}/../Podfile.lock\" \"${PODS_ROOT}/Manifest.lock\" > /dev/null\nif [[ $? != 0 ]] ; then\n    cat << EOM\nerror: The sandbox is not in sync with the Podfile.lock. Run 'pod install' or update your CocoaPods installation.\nEOM\n    exit 1\nfi\n";
			showEnvVarsInLog = 0;
		};
		A9650A0307C14B6600CDA028 /* Embed Pods Frameworks */ = {
			isa = PBXShellScriptBuildPhase;
			buildActionMask = 2147483647;
			files = (
			);
			inputPaths = (
			);
			name = "Embed Pods Frameworks";
			outputPaths = (
			);
			runOnlyForDeploymentPostprocessing = 0;
			shellPath = /bin/sh;
			shellScript = "\"${SRCROOT}/Pods/Target Support Files/Pods-SocialTemp-ios/Pods-SocialTemp-ios-frameworks.sh\"\n";
			showEnvVarsInLog = 0;
		};
		B881EBDAA3837C627645B73E /* Copy Pods Resources */ = {
			isa = PBXShellScriptBuildPhase;
			buildActionMask = 2147483647;
			files = (
			);
			inputPaths = (
			);
			name = "Copy Pods Resources";
			outputPaths = (
			);
			runOnlyForDeploymentPostprocessing = 0;
			shellPath = /bin/sh;
			shellScript = "\"${SRCROOT}/Pods/Target Support Files/Pods-SocialTemp-ios/Pods-SocialTemp-ios-resources.sh\"\n";
			showEnvVarsInLog = 0;
		};
/* End PBXShellScriptBuildPhase section */

/* Begin PBXSourcesBuildPhase section */
		2727C2A71BC768A00084FDBB /* Sources */ = {
			isa = PBXSourcesBuildPhase;
			buildActionMask = 2147483647;
			files = (
				2727C2B11BC768A00084FDBB /* ViewController.swift in Sources */,
				2727C2AF1BC768A00084FDBB /* AppDelegate.swift in Sources */,
			);
			runOnlyForDeploymentPostprocessing = 0;
		};
		2727C2BB1BC768A00084FDBB /* Sources */ = {
			isa = PBXSourcesBuildPhase;
			buildActionMask = 2147483647;
			files = (
				2727C2C41BC768A00084FDBB /* SocialTemp_iosTests.swift in Sources */,
			);
			runOnlyForDeploymentPostprocessing = 0;
		};
		2727C2C61BC768A00084FDBB /* Sources */ = {
			isa = PBXSourcesBuildPhase;
			buildActionMask = 2147483647;
			files = (
				2727C2CF1BC768A00084FDBB /* SocialTemp_iosUITests.swift in Sources */,
			);
			runOnlyForDeploymentPostprocessing = 0;
		};
/* End PBXSourcesBuildPhase section */

/* Begin PBXTargetDependency section */
		2727C2C11BC768A00084FDBB /* PBXTargetDependency */ = {
			isa = PBXTargetDependency;
			target = 2727C2AA1BC768A00084FDBB /* SocialTemp-ios */;
			targetProxy = 2727C2C01BC768A00084FDBB /* PBXContainerItemProxy */;
		};
		2727C2CC1BC768A00084FDBB /* PBXTargetDependency */ = {
			isa = PBXTargetDependency;
			target = 2727C2AA1BC768A00084FDBB /* SocialTemp-ios */;
			targetProxy = 2727C2CB1BC768A00084FDBB /* PBXContainerItemProxy */;
		};
/* End PBXTargetDependency section */

/* Begin PBXVariantGroup section */
		2727C2B21BC768A00084FDBB /* Main.storyboard */ = {
			isa = PBXVariantGroup;
			children = (
				2727C2B31BC768A00084FDBB /* Base */,
			);
			name = Main.storyboard;
			sourceTree = "<group>";
		};
		2727C2B71BC768A00084FDBB /* LaunchScreen.storyboard */ = {
			isa = PBXVariantGroup;
			children = (
				2727C2B81BC768A00084FDBB /* Base */,
			);
			name = LaunchScreen.storyboard;
			sourceTree = "<group>";
		};
/* End PBXVariantGroup section */

/* Begin XCBuildConfiguration section */
		2727C2D11BC768A00084FDBB /* Debug */ = {
			isa = XCBuildConfiguration;
			buildSettings = {
				ALWAYS_SEARCH_USER_PATHS = NO;
				CLANG_CXX_LANGUAGE_STANDARD = "gnu++0x";
				CLANG_CXX_LIBRARY = "libc++";
				CLANG_ENABLE_MODULES = YES;
				CLANG_ENABLE_OBJC_ARC = YES;
				CLANG_WARN_BOOL_CONVERSION = YES;
				CLANG_WARN_CONSTANT_CONVERSION = YES;
				CLANG_WARN_DIRECT_OBJC_ISA_USAGE = YES_ERROR;
				CLANG_WARN_EMPTY_BODY = YES;
				CLANG_WARN_ENUM_CONVERSION = YES;
				CLANG_WARN_INT_CONVERSION = YES;
				CLANG_WARN_OBJC_ROOT_CLASS = YES_ERROR;
				CLANG_WARN_UNREACHABLE_CODE = YES;
				CLANG_WARN__DUPLICATE_METHOD_MATCH = YES;
				"CODE_SIGN_IDENTITY[sdk=iphoneos*]" = "iPhone Developer";
				COPY_PHASE_STRIP = NO;
				DEBUG_INFORMATION_FORMAT = dwarf;
				ENABLE_STRICT_OBJC_MSGSEND = YES;
				ENABLE_TESTABILITY = YES;
				GCC_C_LANGUAGE_STANDARD = gnu99;
				GCC_DYNAMIC_NO_PIC = NO;
				GCC_NO_COMMON_BLOCKS = YES;
				GCC_OPTIMIZATION_LEVEL = 0;
				GCC_PREPROCESSOR_DEFINITIONS = (
					"DEBUG=1",
					"$(inherited)",
				);
				GCC_WARN_64_TO_32_BIT_CONVERSION = YES;
				GCC_WARN_ABOUT_RETURN_TYPE = YES_ERROR;
				GCC_WARN_UNDECLARED_SELECTOR = YES;
				GCC_WARN_UNINITIALIZED_AUTOS = YES_AGGRESSIVE;
				GCC_WARN_UNUSED_FUNCTION = YES;
				GCC_WARN_UNUSED_VARIABLE = YES;
				IPHONEOS_DEPLOYMENT_TARGET = 9.0;
				MTL_ENABLE_DEBUG_INFO = YES;
				ONLY_ACTIVE_ARCH = YES;
				SDKROOT = iphoneos;
				SWIFT_OPTIMIZATION_LEVEL = "-Onone";
				TARGETED_DEVICE_FAMILY = "1,2";
			};
			name = Debug;
		};
		2727C2D21BC768A00084FDBB /* Release */ = {
			isa = XCBuildConfiguration;
			buildSettings = {
				ALWAYS_SEARCH_USER_PATHS = NO;
				CLANG_CXX_LANGUAGE_STANDARD = "gnu++0x";
				CLANG_CXX_LIBRARY = "libc++";
				CLANG_ENABLE_MODULES = YES;
				CLANG_ENABLE_OBJC_ARC = YES;
				CLANG_WARN_BOOL_CONVERSION = YES;
				CLANG_WARN_CONSTANT_CONVERSION = YES;
				CLANG_WARN_DIRECT_OBJC_ISA_USAGE = YES_ERROR;
				CLANG_WARN_EMPTY_BODY = YES;
				CLANG_WARN_ENUM_CONVERSION = YES;
				CLANG_WARN_INT_CONVERSION = YES;
				CLANG_WARN_OBJC_ROOT_CLASS = YES_ERROR;
				CLANG_WARN_UNREACHABLE_CODE = YES;
				CLANG_WARN__DUPLICATE_METHOD_MATCH = YES;
				"CODE_SIGN_IDENTITY[sdk=iphoneos*]" = "iPhone Developer";
				COPY_PHASE_STRIP = NO;
				DEBUG_INFORMATION_FORMAT = "dwarf-with-dsym";
				ENABLE_NS_ASSERTIONS = NO;
				ENABLE_STRICT_OBJC_MSGSEND = YES;
				GCC_C_LANGUAGE_STANDARD = gnu99;
				GCC_NO_COMMON_BLOCKS = YES;
				GCC_WARN_64_TO_32_BIT_CONVERSION = YES;
				GCC_WARN_ABOUT_RETURN_TYPE = YES_ERROR;
				GCC_WARN_UNDECLARED_SELECTOR = YES;
				GCC_WARN_UNINITIALIZED_AUTOS = YES_AGGRESSIVE;
				GCC_WARN_UNUSED_FUNCTION = YES;
				GCC_WARN_UNUSED_VARIABLE = YES;
				IPHONEOS_DEPLOYMENT_TARGET = 9.0;
				MTL_ENABLE_DEBUG_INFO = NO;
				SDKROOT = iphoneos;
				TARGETED_DEVICE_FAMILY = "1,2";
				VALIDATE_PRODUCT = YES;
			};
			name = Release;
		};
		2727C2D41BC768A00084FDBB /* Debug */ = {
			isa = XCBuildConfiguration;
			baseConfigurationReference = 3A2061BDFD86A8BE4FBDF30B /* Pods-SocialTemp-ios.debug.xcconfig */;
			buildSettings = {
				ASSETCATALOG_COMPILER_APPICON_NAME = AppIcon;
				INFOPLIST_FILE = "SocialTemp-ios/Info.plist";
				LD_RUNPATH_SEARCH_PATHS = "$(inherited) @executable_path/Frameworks";
				PRODUCT_BUNDLE_IDENTIFIER = "Northwestern.SocialTemp-ios";
				PRODUCT_NAME = "$(TARGET_NAME)";
			};
			name = Debug;
		};
		2727C2D51BC768A00084FDBB /* Release */ = {
			isa = XCBuildConfiguration;
			baseConfigurationReference = 805D1DEB5EB5F15B49B491AF /* Pods-SocialTemp-ios.release.xcconfig */;
			buildSettings = {
				ASSETCATALOG_COMPILER_APPICON_NAME = AppIcon;
				INFOPLIST_FILE = "SocialTemp-ios/Info.plist";
				LD_RUNPATH_SEARCH_PATHS = "$(inherited) @executable_path/Frameworks";
				PRODUCT_BUNDLE_IDENTIFIER = "Northwestern.SocialTemp-ios";
				PRODUCT_NAME = "$(TARGET_NAME)";
			};
			name = Release;
		};
		2727C2D71BC768A00084FDBB /* Debug */ = {
			isa = XCBuildConfiguration;
			buildSettings = {
				BUNDLE_LOADER = "$(TEST_HOST)";
				INFOPLIST_FILE = "SocialTemp-iosTests/Info.plist";
				LD_RUNPATH_SEARCH_PATHS = "$(inherited) @executable_path/Frameworks @loader_path/Frameworks";
				PRODUCT_BUNDLE_IDENTIFIER = "Northwestern.SocialTemp-iosTests";
				PRODUCT_NAME = "$(TARGET_NAME)";
				TEST_HOST = "$(BUILT_PRODUCTS_DIR)/SocialTemp-ios.app/SocialTemp-ios";
			};
			name = Debug;
		};
		2727C2D81BC768A00084FDBB /* Release */ = {
			isa = XCBuildConfiguration;
			buildSettings = {
				BUNDLE_LOADER = "$(TEST_HOST)";
				INFOPLIST_FILE = "SocialTemp-iosTests/Info.plist";
				LD_RUNPATH_SEARCH_PATHS = "$(inherited) @executable_path/Frameworks @loader_path/Frameworks";
				PRODUCT_BUNDLE_IDENTIFIER = "Northwestern.SocialTemp-iosTests";
				PRODUCT_NAME = "$(TARGET_NAME)";
				TEST_HOST = "$(BUILT_PRODUCTS_DIR)/SocialTemp-ios.app/SocialTemp-ios";
			};
			name = Release;
		};
		2727C2DA1BC768A00084FDBB /* Debug */ = {
			isa = XCBuildConfiguration;
			buildSettings = {
				INFOPLIST_FILE = "SocialTemp-iosUITests/Info.plist";
				LD_RUNPATH_SEARCH_PATHS = "$(inherited) @executable_path/Frameworks @loader_path/Frameworks";
				PRODUCT_BUNDLE_IDENTIFIER = "Northwestern.SocialTemp-iosUITests";
				PRODUCT_NAME = "$(TARGET_NAME)";
				TEST_TARGET_NAME = "SocialTemp-ios";
				USES_XCTRUNNER = YES;
			};
			name = Debug;
		};
		2727C2DB1BC768A00084FDBB /* Release */ = {
			isa = XCBuildConfiguration;
			buildSettings = {
				INFOPLIST_FILE = "SocialTemp-iosUITests/Info.plist";
				LD_RUNPATH_SEARCH_PATHS = "$(inherited) @executable_path/Frameworks @loader_path/Frameworks";
				PRODUCT_BUNDLE_IDENTIFIER = "Northwestern.SocialTemp-iosUITests";
				PRODUCT_NAME = "$(TARGET_NAME)";
				TEST_TARGET_NAME = "SocialTemp-ios";
				USES_XCTRUNNER = YES;
			};
			name = Release;
		};
/* End XCBuildConfiguration section */

/* Begin XCConfigurationList section */
		2727C2A61BC768A00084FDBB /* Build configuration list for PBXProject "SocialTemp-ios" */ = {
			isa = XCConfigurationList;
			buildConfigurations = (
				2727C2D11BC768A00084FDBB /* Debug */,
				2727C2D21BC768A00084FDBB /* Release */,
			);
			defaultConfigurationIsVisible = 0;
			defaultConfigurationName = Release;
		};
		2727C2D31BC768A00084FDBB /* Build configuration list for PBXNativeTarget "SocialTemp-ios" */ = {
			isa = XCConfigurationList;
			buildConfigurations = (
				2727C2D41BC768A00084FDBB /* Debug */,
				2727C2D51BC768A00084FDBB /* Release */,
			);
			defaultConfigurationIsVisible = 0;
			defaultConfigurationName = Release;
		};
		2727C2D61BC768A00084FDBB /* Build configuration list for PBXNativeTarget "SocialTemp-iosTests" */ = {
			isa = XCConfigurationList;
			buildConfigurations = (
				2727C2D71BC768A00084FDBB /* Debug */,
				2727C2D81BC768A00084FDBB /* Release */,
			);
			defaultConfigurationIsVisible = 0;
			defaultConfigurationName = Release;
		};
		2727C2D91BC768A00084FDBB /* Build configuration list for PBXNativeTarget "SocialTemp-iosUITests" */ = {
			isa = XCConfigurationList;
			buildConfigurations = (
				2727C2DA1BC768A00084FDBB /* Debug */,
				2727C2DB1BC768A00084FDBB /* Release */,
			);
			defaultConfigurationIsVisible = 0;
			defaultConfigurationName = Release;
		};
/* End XCConfigurationList section */
	};
	rootObject = 2727C2A31BC768A00084FDBB /* Project object */;
}
