PODS:
  - Bolts/Tasks (1.3.0)
  - Charts (2.1.4)
  - Parse (1.9.0):
    - Bolts/Tasks (>= 1.3.0)

DEPENDENCIES:
  - Charts
  - Parse

SPEC CHECKSUMS:
  Bolts: 805a4a87413e49d4a0c2b7d469084cbc46b09342
  Charts: 870589b6b4bf8468baacea8869c28983d71f602c
  Parse: 712efbc476d4f47b0f96b70db7e53101575753aa

COCOAPODS: 0.39.0
